
Microsoft Visual Studio Solution File, Format Version 12.00
# Visual Studio Version 16
VisualStudioVersion = 16.0.31624.102
MinimumVisualStudioVersion = 10.0.40219.1
Project("{FAE04EC0-301F-11D3-BF4B-00C04F79EFBC}") = "CB180936_AR172433_DESAFIO01", "CB180936_AR172433_DESAFIO01\CB180936_AR172433_DESAFIO01.csproj", "{E84694A9-66CF-40C0-A6A2-6A2912F73146}"
EndProject
Global
	GlobalSection(SolutionConfigurationPlatforms) = preSolution
		Debug|Any CPU = Debug|Any CPU
		Release|Any CPU = Release|Any CPU
	EndGlobalSection
	GlobalSection(ProjectConfigurationPlatforms) = postSolution
		{E84694A9-66CF-40C0-A6A2-6A2912F73146}.Debug|Any CPU.ActiveCfg = Debug|Any CPU
		{E84694A9-66CF-40C0-A6A2-6A2912F73146}.Debug|Any CPU.Build.0 = Debug|Any CPU
		{E84694A9-66CF-40C0-A6A2-6A2912F73146}.Release|Any CPU.ActiveCfg = Release|Any CPU
		{E84694A9-66CF-40C0-A6A2-6A2912F73146}.Release|Any CPU.Build.0 = Release|Any CPU
	EndGlobalSection
	GlobalSection(SolutionProperties) = preSolution
		HideSolutionNode = FALSE
	EndGlobalSection
	GlobalSection(ExtensibilityGlobals) = postSolution
		SolutionGuid = {97090BBD-FBFC-4A69-9359-CC0C3ECF8EE0}
	EndGlobalSection
EndGlobal
